
Microsoft Visual Studio Solution File, Format Version 12.00
# Visual Studio Version 18
VisualStudioVersion = 18.1.11312.151
MinimumVisualStudioVersion = 10.0.40219.1
Project("{FAE04EC0-301F-11D3-BF4B-00C04F79EFBC}") = "ZKTecoAttendanceService", "ZKTecoAttendanceService.csproj", "{3D4A015F-EE47-4042-32D0-D95B4C3CB9A3}"
EndProject
Project("{FAE04EC0-301F-11D3-BF4B-00C04F79EFBC}") = "ZKTecoAttendanceService.API", "ZKTecoApi\ZKTecoAttendanceService.API\ZKTecoAttendanceService.API.csproj", "{0E921FD2-6A6E-4655-B0AA-8C2719CF82A0}"
EndProject
Project("{FAE04EC0-301F-11D3-BF4B-00C04F79EFBC}") = "ZKTecoAttendanceService.DAL", "ApplicationDAL\ZKTecoAttendanceService.DAL\ZKTecoAttendanceService.DAL.csproj", "{C1E958B4-27C7-4A11-A627-47A9EC54F3B4}"
EndProject
Project("{FAE04EC0-301F-11D3-BF4B-00C04F79EFBC}") = "ZKTecoAttendanceService.Postgre", "ZKTecoPostgre\ZKTecoAttendanceService.Postgre\ZKTecoAttendanceService.Postgre.csproj", "{892857B7-CF80-48F5-8B52-C5116D8BF06C}"
EndProject
Project("{FAE04EC0-301F-11D3-BF4B-00C04F79EFBC}") = "ZKTecoAttendanceService.DTO", "ApplicationDTO\ZKTecoAttendanceService.DTO\ZKTecoAttendanceService.DTO.csproj", "{FC4C9A7A-3D0C-4559-8E4D-1CD26B144D51}"
EndProject
Project("{FAE04EC0-301F-11D3-BF4B-00C04F79EFBC}") = "ZKTecoAttendanceService.SQL", "ZKTecoSQL\ZKTecoAttendanceService.SQL\ZKTecoAttendanceService.SQL.csproj", "{0668E4B9-FF8E-498B-A349-A5E4AC2A40B0}"
EndProject
Global
	GlobalSection(SolutionConfigurationPlatforms) = preSolution
		Debug|Any CPU = Debug|Any CPU
		Debug|x86 = Debug|x86
		Release|Any CPU = Release|Any CPU
		Release|x86 = Release|x86
	EndGlobalSection
	GlobalSection(ProjectConfigurationPlatforms) = postSolution
		{3D4A015F-EE47-4042-32D0-D95B4C3CB9A3}.Debug|Any CPU.ActiveCfg = Debug|Any CPU
		{3D4A015F-EE47-4042-32D0-D95B4C3CB9A3}.Debug|Any CPU.Build.0 = Debug|Any CPU
		{3D4A015F-EE47-4042-32D0-D95B4C3CB9A3}.Debug|x86.ActiveCfg = Debug|x86
		{3D4A015F-EE47-4042-32D0-D95B4C3CB9A3}.Debug|x86.Build.0 = Debug|x86
		{3D4A015F-EE47-4042-32D0-D95B4C3CB9A3}.Release|Any CPU.ActiveCfg = Release|Any CPU
		{3D4A015F-EE47-4042-32D0-D95B4C3CB9A3}.Release|Any CPU.Build.0 = Release|Any CPU
		{3D4A015F-EE47-4042-32D0-D95B4C3CB9A3}.Release|x86.ActiveCfg = Release|x86
		{3D4A015F-EE47-4042-32D0-D95B4C3CB9A3}.Release|x86.Build.0 = Release|x86
		{0E921FD2-6A6E-4655-B0AA-8C2719CF82A0}.Debug|Any CPU.ActiveCfg = Debug|Any CPU
		{0E921FD2-6A6E-4655-B0AA-8C2719CF82A0}.Debug|Any CPU.Build.0 = Debug|Any CPU
		{0E921FD2-6A6E-4655-B0AA-8C2719CF82A0}.Debug|x86.ActiveCfg = Debug|Any CPU
		{0E921FD2-6A6E-4655-B0AA-8C2719CF82A0}.Debug|x86.Build.0 = Debug|Any CPU
		{0E921FD2-6A6E-4655-B0AA-8C2719CF82A0}.Release|Any CPU.ActiveCfg = Release|Any CPU
		{0E921FD2-6A6E-4655-B0AA-8C2719CF82A0}.Release|Any CPU.Build.0 = Release|Any CPU
		{0E921FD2-6A6E-4655-B0AA-8C2719CF82A0}.Release|x86.ActiveCfg = Release|Any CPU
		{0E921FD2-6A6E-4655-B0AA-8C2719CF82A0}.Release|x86.Build.0 = Release|Any CPU
		{C1E958B4-27C7-4A11-A627-47A9EC54F3B4}.Debug|Any CPU.ActiveCfg = Debug|Any CPU
		{C1E958B4-27C7-4A11-A627-47A9EC54F3B4}.Debug|Any CPU.Build.0 = Debug|Any CPU
		{C1E958B4-27C7-4A11-A627-47A9EC54F3B4}.Debug|x86.ActiveCfg = Debug|Any CPU
		{C1E958B4-27C7-4A11-A627-47A9EC54F3B4}.Debug|x86.Build.0 = Debug|Any CPU
		{C1E958B4-27C7-4A11-A627-47A9EC54F3B4}.Release|Any CPU.ActiveCfg = Release|Any CPU
		{C1E958B4-27C7-4A11-A627-47A9EC54F3B4}.Release|Any CPU.Build.0 = Release|Any CPU
		{C1E958B4-27C7-4A11-A627-47A9EC54F3B4}.Release|x86.ActiveCfg = Release|Any CPU
		{C1E958B4-27C7-4A11-A627-47A9EC54F3B4}.Release|x86.Build.0 = Release|Any CPU
		{892857B7-CF80-48F5-8B52-C5116D8BF06C}.Debug|Any CPU.ActiveCfg = Debug|Any CPU
		{892857B7-CF80-48F5-8B52-C5116D8BF06C}.Debug|Any CPU.Build.0 = Debug|Any CPU
		{892857B7-CF80-48F5-8B52-C5116D8BF06C}.Debug|x86.ActiveCfg = Debug|Any CPU
		{892857B7-CF80-48F5-8B52-C5116D8BF06C}.Debug|x86.Build.0 = Debug|Any CPU
		{892857B7-CF80-48F5-8B52-C5116D8BF06C}.Release|Any CPU.ActiveCfg = Release|Any CPU
		{892857B7-CF80-48F5-8B52-C5116D8BF06C}.Release|Any CPU.Build.0 = Release|Any CPU
		{892857B7-CF80-48F5-8B52-C5116D8BF06C}.Release|x86.ActiveCfg = Release|Any CPU
		{892857B7-CF80-48F5-8B52-C5116D8BF06C}.Release|x86.Build.0 = Release|Any CPU
		{FC4C9A7A-3D0C-4559-8E4D-1CD26B144D51}.Debug|Any CPU.ActiveCfg = Debug|Any CPU
		{FC4C9A7A-3D0C-4559-8E4D-1CD26B144D51}.Debug|Any CPU.Build.0 = Debug|Any CPU
		{FC4C9A7A-3D0C-4559-8E4D-1CD26B144D51}.Debug|x86.ActiveCfg = Debug|Any CPU
		{FC4C9A7A-3D0C-4559-8E4D-1CD26B144D51}.Debug|x86.Build.0 = Debug|Any CPU
		{FC4C9A7A-3D0C-4559-8E4D-1CD26B144D51}.Release|Any CPU.ActiveCfg = Release|Any CPU
		{FC4C9A7A-3D0C-4559-8E4D-1CD26B144D51}.Release|Any CPU.Build.0 = Release|Any CPU
		{FC4C9A7A-3D0C-4559-8E4D-1CD26B144D51}.Release|x86.ActiveCfg = Release|Any CPU
		{FC4C9A7A-3D0C-4559-8E4D-1CD26B144D51}.Release|x86.Build.0 = Release|Any CPU
		{0668E4B9-FF8E-498B-A349-A5E4AC2A40B0}.Debug|Any CPU.ActiveCfg = Debug|Any CPU
		{0668E4B9-FF8E-498B-A349-A5E4AC2A40B0}.Debug|Any CPU.Build.0 = Debug|Any CPU
		{0668E4B9-FF8E-498B-A349-A5E4AC2A40B0}.Debug|x86.ActiveCfg = Debug|Any CPU
		{0668E4B9-FF8E-498B-A349-A5E4AC2A40B0}.Debug|x86.Build.0 = Debug|Any CPU
		{0668E4B9-FF8E-498B-A349-A5E4AC2A40B0}.Release|Any CPU.ActiveCfg = Release|Any CPU
		{0668E4B9-FF8E-498B-A349-A5E4AC2A40B0}.Release|Any CPU.Build.0 = Release|Any CPU
		{0668E4B9-FF8E-498B-A349-A5E4AC2A40B0}.Release|x86.ActiveCfg = Release|Any CPU
		{0668E4B9-FF8E-498B-A349-A5E4AC2A40B0}.Release|x86.Build.0 = Release|Any CPU
	EndGlobalSection
	GlobalSection(SolutionProperties) = preSolution
		HideSolutionNode = FALSE
	EndGlobalSection
	GlobalSection(ExtensibilityGlobals) = postSolution
		SolutionGuid = {0FB6AA55-FE59-4E48-A9EC-7971D27A7269}
	EndGlobalSection
EndGlobal
