
Microsoft Visual Studio Solution File, Format Version 12.00
# Visual Studio Version 18
VisualStudioVersion = 18.1.11312.151
MinimumVisualStudioVersion = 10.0.40219.1
Project("{FAE04EC0-301F-11D3-BF4B-00C04F79EFBC}") = "ZKTecoAttendanceService", "ZKTecoAttendanceService.csproj", "{3D4A015F-EE47-4042-32D0-D95B4C3CB9A3}"
EndProject
Project("{FAE04EC0-301F-11D3-BF4B-00C04F79EFBC}") = "ZKTecoAttendanceService.API", "ZKTecoApi\ZKTecoAttendanceService.API\ZKTecoAttendanceService.API.csproj", "{0E921FD2-6A6E-4655-B0AA-8C2719CF82A0}"
EndProject
Global
	GlobalSection(SolutionConfigurationPlatforms) = preSolution
		Debug|Any CPU = Debug|Any CPU
		Debug|x86 = Debug|x86
		Release|Any CPU = Release|Any CPU
		Release|x86 = Release|x86
	EndGlobalSection
	GlobalSection(ProjectConfigurationPlatforms) = postSolution
		{3D4A015F-EE47-4042-32D0-D95B4C3CB9A3}.Debug|Any CPU.ActiveCfg = Debug|Any CPU
		{3D4A015F-EE47-4042-32D0-D95B4C3CB9A3}.Debug|Any CPU.Build.0 = Debug|Any CPU
		{3D4A015F-EE47-4042-32D0-D95B4C3CB9A3}.Debug|x86.ActiveCfg = Debug|x86
		{3D4A015F-EE47-4042-32D0-D95B4C3CB9A3}.Debug|x86.Build.0 = Debug|x86
		{3D4A015F-EE47-4042-32D0-D95B4C3CB9A3}.Release|Any CPU.ActiveCfg = Release|Any CPU
		{3D4A015F-EE47-4042-32D0-D95B4C3CB9A3}.Release|Any CPU.Build.0 = Release|Any CPU
		{3D4A015F-EE47-4042-32D0-D95B4C3CB9A3}.Release|x86.ActiveCfg = Release|x86
		{3D4A015F-EE47-4042-32D0-D95B4C3CB9A3}.Release|x86.Build.0 = Release|x86
		{0E921FD2-6A6E-4655-B0AA-8C2719CF82A0}.Debug|Any CPU.ActiveCfg = Debug|Any CPU
		{0E921FD2-6A6E-4655-B0AA-8C2719CF82A0}.Debug|Any CPU.Build.0 = Debug|Any CPU
		{0E921FD2-6A6E-4655-B0AA-8C2719CF82A0}.Debug|x86.ActiveCfg = Debug|Any CPU
		{0E921FD2-6A6E-4655-B0AA-8C2719CF82A0}.Debug|x86.Build.0 = Debug|Any CPU
		{0E921FD2-6A6E-4655-B0AA-8C2719CF82A0}.Release|Any CPU.ActiveCfg = Release|Any CPU
		{0E921FD2-6A6E-4655-B0AA-8C2719CF82A0}.Release|Any CPU.Build.0 = Release|Any CPU
		{0E921FD2-6A6E-4655-B0AA-8C2719CF82A0}.Release|x86.ActiveCfg = Release|Any CPU
		{0E921FD2-6A6E-4655-B0AA-8C2719CF82A0}.Release|x86.Build.0 = Release|Any CPU
	EndGlobalSection
	GlobalSection(SolutionProperties) = preSolution
		HideSolutionNode = FALSE
	EndGlobalSection
	GlobalSection(ExtensibilityGlobals) = postSolution
		SolutionGuid = {0FB6AA55-FE59-4E48-A9EC-7971D27A7269}
	EndGlobalSection
EndGlobal
